{
  "version": "5",
  "specifiers": {
    "npm:karabiner.ts@1.38.0": "1.38.0"
  },
  "npm": {
    "karabiner.ts@1.38.0": {
      "integrity": "sha512-ZF9fXZWoHuTbwasBj6LDUy4TP447x+onlWrjp5AMYMdJFXac+u832ut1tlhSDrpoy6n4sQzoOaS+3aytByzPRg=="
    }
  },
  "workspace": {
    "dependencies": [
      "npm:karabiner.ts@1.38.0"
    ]
  }
}
